
Microsoft Visual Studio Solution File, Format Version 12.00
# Visual Studio 15
VisualStudioVersion = 15.0.26124.0
MinimumVisualStudioVersion = 15.0.26124.0
Project("{FAE04EC0-301F-11D3-BF4B-00C04F79EFBC}") = "Homeworks.BusinessLogic.Interface", "Homeworks.BusinessLogic.Interface\Homeworks.BusinessLogic.Interface.csproj", "{C535EFEB-EDAB-40C0-81D6-9663D30DF9CC}"
EndProject
Project("{FAE04EC0-301F-11D3-BF4B-00C04F79EFBC}") = "Homeworks.BusinessLogic", "Homeworks.BusinessLogic\Homeworks.BusinessLogic.csproj", "{8141534C-0D55-43D4-BEA1-FAAA0AC95DE8}"
EndProject
Project("{FAE04EC0-301F-11D3-BF4B-00C04F79EFBC}") = "Homeworks.DataAccess.Interface", "Homeworks.DataAccess.Interface\Homeworks.DataAccess.Interface.csproj", "{77A304FE-7590-4E25-B132-54ABD467CE4F}"
EndProject
Project("{FAE04EC0-301F-11D3-BF4B-00C04F79EFBC}") = "Homeworks.DataAccess", "Homeworks.DataAccess\Homeworks.DataAccess.csproj", "{EE0A319B-D005-447A-A74B-CD262503D404}"
EndProject
Project("{FAE04EC0-301F-11D3-BF4B-00C04F79EFBC}") = "Homeworks.Domain", "Homeworks.Domain\Homeworks.Domain.csproj", "{F6B5CCE3-05E6-4F96-A0A1-2B00D62B18BB}"
EndProject
Project("{FAE04EC0-301F-11D3-BF4B-00C04F79EFBC}") = "Homeworks.WebApi", "Homeworks.WebApi\Homeworks.WebApi.csproj", "{A4164D66-0F1E-42EA-B5E5-A125B78F379D}"
EndProject
Global
	GlobalSection(SolutionConfigurationPlatforms) = preSolution
		Debug|Any CPU = Debug|Any CPU
		Debug|x64 = Debug|x64
		Debug|x86 = Debug|x86
		Release|Any CPU = Release|Any CPU
		Release|x64 = Release|x64
		Release|x86 = Release|x86
	EndGlobalSection
	GlobalSection(SolutionProperties) = preSolution
		HideSolutionNode = FALSE
	EndGlobalSection
	GlobalSection(ProjectConfigurationPlatforms) = postSolution
		{C535EFEB-EDAB-40C0-81D6-9663D30DF9CC}.Debug|Any CPU.ActiveCfg = Debug|Any CPU
		{C535EFEB-EDAB-40C0-81D6-9663D30DF9CC}.Debug|Any CPU.Build.0 = Debug|Any CPU
		{C535EFEB-EDAB-40C0-81D6-9663D30DF9CC}.Debug|x64.ActiveCfg = Debug|Any CPU
		{C535EFEB-EDAB-40C0-81D6-9663D30DF9CC}.Debug|x64.Build.0 = Debug|Any CPU
		{C535EFEB-EDAB-40C0-81D6-9663D30DF9CC}.Debug|x86.ActiveCfg = Debug|Any CPU
		{C535EFEB-EDAB-40C0-81D6-9663D30DF9CC}.Debug|x86.Build.0 = Debug|Any CPU
		{C535EFEB-EDAB-40C0-81D6-9663D30DF9CC}.Release|Any CPU.ActiveCfg = Release|Any CPU
		{C535EFEB-EDAB-40C0-81D6-9663D30DF9CC}.Release|Any CPU.Build.0 = Release|Any CPU
		{C535EFEB-EDAB-40C0-81D6-9663D30DF9CC}.Release|x64.ActiveCfg = Release|Any CPU
		{C535EFEB-EDAB-40C0-81D6-9663D30DF9CC}.Release|x64.Build.0 = Release|Any CPU
		{C535EFEB-EDAB-40C0-81D6-9663D30DF9CC}.Release|x86.ActiveCfg = Release|Any CPU
		{C535EFEB-EDAB-40C0-81D6-9663D30DF9CC}.Release|x86.Build.0 = Release|Any CPU
		{8141534C-0D55-43D4-BEA1-FAAA0AC95DE8}.Debug|Any CPU.ActiveCfg = Debug|Any CPU
		{8141534C-0D55-43D4-BEA1-FAAA0AC95DE8}.Debug|Any CPU.Build.0 = Debug|Any CPU
		{8141534C-0D55-43D4-BEA1-FAAA0AC95DE8}.Debug|x64.ActiveCfg = Debug|Any CPU
		{8141534C-0D55-43D4-BEA1-FAAA0AC95DE8}.Debug|x64.Build.0 = Debug|Any CPU
		{8141534C-0D55-43D4-BEA1-FAAA0AC95DE8}.Debug|x86.ActiveCfg = Debug|Any CPU
		{8141534C-0D55-43D4-BEA1-FAAA0AC95DE8}.Debug|x86.Build.0 = Debug|Any CPU
		{8141534C-0D55-43D4-BEA1-FAAA0AC95DE8}.Release|Any CPU.ActiveCfg = Release|Any CPU
		{8141534C-0D55-43D4-BEA1-FAAA0AC95DE8}.Release|Any CPU.Build.0 = Release|Any CPU
		{8141534C-0D55-43D4-BEA1-FAAA0AC95DE8}.Release|x64.ActiveCfg = Release|Any CPU
		{8141534C-0D55-43D4-BEA1-FAAA0AC95DE8}.Release|x64.Build.0 = Release|Any CPU
		{8141534C-0D55-43D4-BEA1-FAAA0AC95DE8}.Release|x86.ActiveCfg = Release|Any CPU
		{8141534C-0D55-43D4-BEA1-FAAA0AC95DE8}.Release|x86.Build.0 = Release|Any CPU
		{77A304FE-7590-4E25-B132-54ABD467CE4F}.Debug|Any CPU.ActiveCfg = Debug|Any CPU
		{77A304FE-7590-4E25-B132-54ABD467CE4F}.Debug|Any CPU.Build.0 = Debug|Any CPU
		{77A304FE-7590-4E25-B132-54ABD467CE4F}.Debug|x64.ActiveCfg = Debug|Any CPU
		{77A304FE-7590-4E25-B132-54ABD467CE4F}.Debug|x64.Build.0 = Debug|Any CPU
		{77A304FE-7590-4E25-B132-54ABD467CE4F}.Debug|x86.ActiveCfg = Debug|Any CPU
		{77A304FE-7590-4E25-B132-54ABD467CE4F}.Debug|x86.Build.0 = Debug|Any CPU
		{77A304FE-7590-4E25-B132-54ABD467CE4F}.Release|Any CPU.ActiveCfg = Release|Any CPU
		{77A304FE-7590-4E25-B132-54ABD467CE4F}.Release|Any CPU.Build.0 = Release|Any CPU
		{77A304FE-7590-4E25-B132-54ABD467CE4F}.Release|x64.ActiveCfg = Release|Any CPU
		{77A304FE-7590-4E25-B132-54ABD467CE4F}.Release|x64.Build.0 = Release|Any CPU
		{77A304FE-7590-4E25-B132-54ABD467CE4F}.Release|x86.ActiveCfg = Release|Any CPU
		{77A304FE-7590-4E25-B132-54ABD467CE4F}.Release|x86.Build.0 = Release|Any CPU
		{EE0A319B-D005-447A-A74B-CD262503D404}.Debug|Any CPU.ActiveCfg = Debug|Any CPU
		{EE0A319B-D005-447A-A74B-CD262503D404}.Debug|Any CPU.Build.0 = Debug|Any CPU
		{EE0A319B-D005-447A-A74B-CD262503D404}.Debug|x64.ActiveCfg = Debug|Any CPU
		{EE0A319B-D005-447A-A74B-CD262503D404}.Debug|x64.Build.0 = Debug|Any CPU
		{EE0A319B-D005-447A-A74B-CD262503D404}.Debug|x86.ActiveCfg = Debug|Any CPU
		{EE0A319B-D005-447A-A74B-CD262503D404}.Debug|x86.Build.0 = Debug|Any CPU
		{EE0A319B-D005-447A-A74B-CD262503D404}.Release|Any CPU.ActiveCfg = Release|Any CPU
		{EE0A319B-D005-447A-A74B-CD262503D404}.Release|Any CPU.Build.0 = Release|Any CPU
		{EE0A319B-D005-447A-A74B-CD262503D404}.Release|x64.ActiveCfg = Release|Any CPU
		{EE0A319B-D005-447A-A74B-CD262503D404}.Release|x64.Build.0 = Release|Any CPU
		{EE0A319B-D005-447A-A74B-CD262503D404}.Release|x86.ActiveCfg = Release|Any CPU
		{EE0A319B-D005-447A-A74B-CD262503D404}.Release|x86.Build.0 = Release|Any CPU
		{F6B5CCE3-05E6-4F96-A0A1-2B00D62B18BB}.Debug|Any CPU.ActiveCfg = Debug|Any CPU
		{F6B5CCE3-05E6-4F96-A0A1-2B00D62B18BB}.Debug|Any CPU.Build.0 = Debug|Any CPU
		{F6B5CCE3-05E6-4F96-A0A1-2B00D62B18BB}.Debug|x64.ActiveCfg = Debug|Any CPU
		{F6B5CCE3-05E6-4F96-A0A1-2B00D62B18BB}.Debug|x64.Build.0 = Debug|Any CPU
		{F6B5CCE3-05E6-4F96-A0A1-2B00D62B18BB}.Debug|x86.ActiveCfg = Debug|Any CPU
		{F6B5CCE3-05E6-4F96-A0A1-2B00D62B18BB}.Debug|x86.Build.0 = Debug|Any CPU
		{F6B5CCE3-05E6-4F96-A0A1-2B00D62B18BB}.Release|Any CPU.ActiveCfg = Release|Any CPU
		{F6B5CCE3-05E6-4F96-A0A1-2B00D62B18BB}.Release|Any CPU.Build.0 = Release|Any CPU
		{F6B5CCE3-05E6-4F96-A0A1-2B00D62B18BB}.Release|x64.ActiveCfg = Release|Any CPU
		{F6B5CCE3-05E6-4F96-A0A1-2B00D62B18BB}.Release|x64.Build.0 = Release|Any CPU
		{F6B5CCE3-05E6-4F96-A0A1-2B00D62B18BB}.Release|x86.ActiveCfg = Release|Any CPU
		{F6B5CCE3-05E6-4F96-A0A1-2B00D62B18BB}.Release|x86.Build.0 = Release|Any CPU
		{A4164D66-0F1E-42EA-B5E5-A125B78F379D}.Debug|Any CPU.ActiveCfg = Debug|Any CPU
		{A4164D66-0F1E-42EA-B5E5-A125B78F379D}.Debug|Any CPU.Build.0 = Debug|Any CPU
		{A4164D66-0F1E-42EA-B5E5-A125B78F379D}.Debug|x64.ActiveCfg = Debug|Any CPU
		{A4164D66-0F1E-42EA-B5E5-A125B78F379D}.Debug|x64.Build.0 = Debug|Any CPU
		{A4164D66-0F1E-42EA-B5E5-A125B78F379D}.Debug|x86.ActiveCfg = Debug|Any CPU
		{A4164D66-0F1E-42EA-B5E5-A125B78F379D}.Debug|x86.Build.0 = Debug|Any CPU
		{A4164D66-0F1E-42EA-B5E5-A125B78F379D}.Release|Any CPU.ActiveCfg = Release|Any CPU
		{A4164D66-0F1E-42EA-B5E5-A125B78F379D}.Release|Any CPU.Build.0 = Release|Any CPU
		{A4164D66-0F1E-42EA-B5E5-A125B78F379D}.Release|x64.ActiveCfg = Release|Any CPU
		{A4164D66-0F1E-42EA-B5E5-A125B78F379D}.Release|x64.Build.0 = Release|Any CPU
		{A4164D66-0F1E-42EA-B5E5-A125B78F379D}.Release|x86.ActiveCfg = Release|Any CPU
		{A4164D66-0F1E-42EA-B5E5-A125B78F379D}.Release|x86.Build.0 = Release|Any CPU
	EndGlobalSection
EndGlobal
